
Microsoft Visual Studio Solution File, Format Version 12.00
# Visual Studio Version 17
VisualStudioVersion = 17.14.36401.2 d17.14
MinimumVisualStudioVersion = 10.0.40219.1
Project("{FAE04EC0-301F-11D3-BF4B-00C04F79EFBC}") = "proyecto_Villarreal-SanLorenzo", "proyecto_Villarreal-SanLorenzo\proyecto_Villarreal-SanLorenzo.csproj", "{4DFFCECA-6497-4BC5-BAC7-C4EC16A059EB}"
EndProject
Global
	GlobalSection(SolutionConfigurationPlatforms) = preSolution
		Debug|Any CPU = Debug|Any CPU
		Release|Any CPU = Release|Any CPU
	EndGlobalSection
	GlobalSection(ProjectConfigurationPlatforms) = postSolution
		{4DFFCECA-6497-4BC5-BAC7-C4EC16A059EB}.Debug|Any CPU.ActiveCfg = Debug|Any CPU
		{4DFFCECA-6497-4BC5-BAC7-C4EC16A059EB}.Debug|Any CPU.Build.0 = Debug|Any CPU
		{4DFFCECA-6497-4BC5-BAC7-C4EC16A059EB}.Release|Any CPU.ActiveCfg = Release|Any CPU
		{4DFFCECA-6497-4BC5-BAC7-C4EC16A059EB}.Release|Any CPU.Build.0 = Release|Any CPU
	EndGlobalSection
	GlobalSection(SolutionProperties) = preSolution
		HideSolutionNode = FALSE
	EndGlobalSection
	GlobalSection(ExtensibilityGlobals) = postSolution
		SolutionGuid = {3E5C0169-252E-4680-B62F-8C356B04144A}
	EndGlobalSection
EndGlobal
